// !$*UTF8*$!
{
	archiveVersion = 1;
	classes = {
	};
	objectVersion = 50;
	objects = {

/* Begin PBXBuildFile section */
		7BA9150425638B1700F55A5C /* AppDelegate.swift in Sources */ = {isa = PBXBuildFile; fileRef = 7BA9150325638B1700F55A5C /* AppDelegate.swift */; };
		7BA9150625638B1700F55A5C /* SceneDelegate.swift in Sources */ = {isa = PBXBuildFile; fileRef = 7BA9150525638B1700F55A5C /* SceneDelegate.swift */; };
		7BA9150825638B1700F55A5C /* ViewController.swift in Sources */ = {isa = PBXBuildFile; fileRef = 7BA9150725638B1700F55A5C /* ViewController.swift */; };
		7BA9150B25638B1700F55A5C /* Main.storyboard in Resources */ = {isa = PBXBuildFile; fileRef = 7BA9150925638B1700F55A5C /* Main.storyboard */; };
		7BA9150D25638B1800F55A5C /* Assets.xcassets in Resources */ = {isa = PBXBuildFile; fileRef = 7BA9150C25638B1800F55A5C /* Assets.xcassets */; };
		7BA9151025638B1800F55A5C /* LaunchScreen.storyboard in Resources */ = {isa = PBXBuildFile; fileRef = 7BA9150E25638B1800F55A5C /* LaunchScreen.storyboard */; };
		7BA915232563948300F55A5C /* MyView.swift in Sources */ = {isa = PBXBuildFile; fileRef = 7BA915222563948300F55A5C /* MyView.swift */; };
		7BA915262563957500F55A5C /* Ext+UIColor.swift in Sources */ = {isa = PBXBuildFile; fileRef = 7BA915252563957500F55A5C /* Ext+UIColor.swift */; };
/* End PBXBuildFile section */

/* Begin PBXFileReference section */
		7BA9150025638B1700F55A5C /* drawRectImages.app */ = {isa = PBXFileReference; explicitFileType = wrapper.application; includeInIndex = 0; path = drawRectImages.app; sourceTree = BUILT_PRODUCTS_DIR; };
		7BA9150325638B1700F55A5C /* AppDelegate.swift */ = {isa = PBXFileReference; lastKnownFileType = sourcecode.swift; path = AppDelegate.swift; sourceTree = "<group>"; };
		7BA9150525638B1700F55A5C /* SceneDelegate.swift */ = {isa = PBXFileReference; lastKnownFileType = sourcecode.swift; path = SceneDelegate.swift; sourceTree = "<group>"; };
		7BA9150725638B1700F55A5C /* ViewController.swift */ = {isa = PBXFileReference; lastKnownFileType = sourcecode.swift; path = ViewController.swift; sourceTree = "<group>"; };
		7BA9150A25638B1700F55A5C /* Base */ = {isa = PBXFileReference; lastKnownFileType = file.storyboard; name = Base; path = Base.lproj/Main.storyboard; sourceTree = "<group>"; };
		7BA9150C25638B1800F55A5C /* Assets.xcassets */ = {isa = PBXFileReference; lastKnownFileType = folder.assetcatalog; path = Assets.xcassets; sourceTree = "<group>"; };
		7BA9150F25638B1800F55A5C /* Base */ = {isa = PBXFileReference; lastKnownFileType = file.storyboard; name = Base; path = Base.lproj/LaunchScreen.storyboard; sourceTree = "<group>"; };
		7BA9151125638B1800F55A5C /* Info.plist */ = {isa = PBXFileReference; lastKnownFileType = text.plist.xml; path = Info.plist; sourceTree = "<group>"; };
		7BA915222563948300F55A5C /* MyView.swift */ = {isa = PBXFileReference; lastKnownFileType = sourcecode.swift; path = MyView.swift; sourceTree = "<group>"; };
		7BA915252563957500F55A5C /* Ext+UIColor.swift */ = {isa = PBXFileReference; lastKnownFileType = sourcecode.swift; path = "Ext+UIColor.swift"; sourceTree = "<group>"; };
/* End PBXFileReference section */

/* Begin PBXFrameworksBuildPhase section */
		7BA914FD25638B1700F55A5C /* Frameworks */ = {
			isa = PBXFrameworksBuildPhase;
			buildActionMask = 2147483647;
			files = (
			);
			runOnlyForDeploymentPostprocessing = 0;
		};
/* End PBXFrameworksBuildPhase section */

/* Begin PBXGroup section */
		7BA914F725638B1700F55A5C = {
			isa = PBXGroup;
			children = (
				7BA9150225638B1700F55A5C /* drawRectImages */,
				7BA9150125638B1700F55A5C /* Products */,
			);
			sourceTree = "<group>";
		};
		7BA9150125638B1700F55A5C /* Products */ = {
			isa = PBXGroup;
			children = (
				7BA9150025638B1700F55A5C /* drawRectImages.app */,
			);
			name = Products;
			sourceTree = "<group>";
		};
		7BA9150225638B1700F55A5C /* drawRectImages */ = {
			isa = PBXGroup;
			children = (
				7BA9150325638B1700F55A5C /* AppDelegate.swift */,
				7BA9150525638B1700F55A5C /* SceneDelegate.swift */,
				7BA9150725638B1700F55A5C /* ViewController.swift */,
				7BA9150925638B1700F55A5C /* Main.storyboard */,
				7BA9150C25638B1800F55A5C /* Assets.xcassets */,
				7BA9150E25638B1800F55A5C /* LaunchScreen.storyboard */,
				7BA9151125638B1800F55A5C /* Info.plist */,
				7BA915222563948300F55A5C /* MyView.swift */,
				7BA915252563957500F55A5C /* Ext+UIColor.swift */,
			);
			path = drawRectImages;
			sourceTree = "<group>";
		};
/* End PBXGroup section */

/* Begin PBXNativeTarget section */
		7BA914FF25638B1700F55A5C /* drawRectImages */ = {
			isa = PBXNativeTarget;
			buildConfigurationList = 7BA9151425638B1800F55A5C /* Build configuration list for PBXNativeTarget "drawRectImages" */;
			buildPhases = (
				7BA914FC25638B1700F55A5C /* Sources */,
				7BA914FD25638B1700F55A5C /* Frameworks */,
				7BA914FE25638B1700F55A5C /* Resources */,
			);
			buildRules = (
			);
			dependencies = (
			);
			name = drawRectImages;
			productName = drawRectImages;
			productReference = 7BA9150025638B1700F55A5C /* drawRectImages.app */;
			productType = "com.apple.product-type.application";
		};
/* End PBXNativeTarget section */

/* Begin PBXProject section */
		7BA914F825638B1700F55A5C /* Project object */ = {
			isa = PBXProject;
			attributes = {
				LastSwiftUpdateCheck = 1200;
				LastUpgradeCheck = 1200;
				TargetAttributes = {
					7BA914FF25638B1700F55A5C = {
						CreatedOnToolsVersion = 12.0.1;
					};
				};
			};
			buildConfigurationList = 7BA914FB25638B1700F55A5C /* Build configuration list for PBXProject "drawRectImages" */;
			compatibilityVersion = "Xcode 9.3";
			developmentRegion = en;
			hasScannedForEncodings = 0;
			knownRegions = (
				en,
				Base,
			);
			mainGroup = 7BA914F725638B1700F55A5C;
			productRefGroup = 7BA9150125638B1700F55A5C /* Products */;
			projectDirPath = "";
			projectRoot = "";
			targets = (
				7BA914FF25638B1700F55A5C /* drawRectImages */,
			);
		};
/* End PBXProject section */

/* Begin PBXResourcesBuildPhase section */
		7BA914FE25638B1700F55A5C /* Resources */ = {
			isa = PBXResourcesBuildPhase;
			buildActionMask = 2147483647;
			files = (
				7BA9151025638B1800F55A5C /* LaunchScreen.storyboard in Resources */,
				7BA9150D25638B1800F55A5C /* Assets.xcassets in Resources */,
				7BA9150B25638B1700F55A5C /* Main.storyboard in Resources */,
			);
			runOnlyForDeploymentPostprocessing = 0;
		};
/* End PBXResourcesBuildPhase section */

/* Begin PBXSourcesBuildPhase section */
		7BA914FC25638B1700F55A5C /* Sources */ = {
			isa = PBXSourcesBuildPhase;
			buildActionMask = 2147483647;
			files = (
				7BA915262563957500F55A5C /* Ext+UIColor.swift in Sources */,
				7BA915232563948300F55A5C /* MyView.swift in Sources */,
				7BA9150825638B1700F55A5C /* ViewController.swift in Sources */,
				7BA9150425638B1700F55A5C /* AppDelegate.swift in Sources */,
				7BA9150625638B1700F55A5C /* SceneDelegate.swift in Sources */,
			);
			runOnlyForDeploymentPostprocessing = 0;
		};
/* End PBXSourcesBuildPhase section */

/* Begin PBXVariantGroup section */
		7BA9150925638B1700F55A5C /* Main.storyboard */ = {
			isa = PBXVariantGroup;
			children = (
				7BA9150A25638B1700F55A5C /* Base */,
			);
			name = Main.storyboard;
			sourceTree = "<group>";
		};
		7BA9150E25638B1800F55A5C /* LaunchScreen.storyboard */ = {
			isa = PBXVariantGroup;
			children = (
				7BA9150F25638B1800F55A5C /* Base */,
			);
			name = LaunchScreen.storyboard;
			sourceTree = "<group>";
		};
/* End PBXVariantGroup section */

/* Begin XCBuildConfiguration section */
		7BA9151225638B1800F55A5C /* Debug */ = {
			isa = XCBuildConfiguration;
			buildSettings = {
				ALWAYS_SEARCH_USER_PATHS = NO;
				CLANG_ANALYZER_NONNULL = YES;
				CLANG_ANALYZER_NUMBER_OBJECT_CONVERSION = YES_AGGRESSIVE;
				CLANG_CXX_LANGUAGE_STANDARD = "gnu++14";
				CLANG_CXX_LIBRARY = "libc++";
				CLANG_ENABLE_MODULES = YES;
				CLANG_ENABLE_OBJC_ARC = YES;
				CLANG_ENABLE_OBJC_WEAK = YES;
				CLANG_WARN_BLOCK_CAPTURE_AUTORELEASING = YES;
				CLANG_WARN_BOOL_CONVERSION = YES;
				CLANG_WARN_COMMA = YES;
				CLANG_WARN_CONSTANT_CONVERSION = YES;
				CLANG_WARN_DEPRECATED_OBJC_IMPLEMENTATIONS = YES;
				CLANG_WARN_DIRECT_OBJC_ISA_USAGE = YES_ERROR;
				CLANG_WARN_DOCUMENTATION_COMMENTS = YES;
				CLANG_WARN_EMPTY_BODY = YES;
				CLANG_WARN_ENUM_CONVERSION = YES;
				CLANG_WARN_INFINITE_RECURSION = YES;
				CLANG_WARN_INT_CONVERSION = YES;
				CLANG_WARN_NON_LITERAL_NULL_CONVERSION = YES;
				CLANG_WARN_OBJC_IMPLICIT_RETAIN_SELF = YES;
				CLANG_WARN_OBJC_LITERAL_CONVERSION = YES;
				CLANG_WARN_OBJC_ROOT_CLASS = YES_ERROR;
				CLANG_WARN_QUOTED_INCLUDE_IN_FRAMEWORK_HEADER = YES;
				CLANG_WARN_RANGE_LOOP_ANALYSIS = YES;
				CLANG_WARN_STRICT_PROTOTYPES = YES;
				CLANG_WARN_SUSPICIOUS_MOVE = YES;
				CLANG_WARN_UNGUARDED_AVAILABILITY = YES_AGGRESSIVE;
				CLANG_WARN_UNREACHABLE_CODE = YES;
				CLANG_WARN__DUPLICATE_METHOD_MATCH = YES;
				COPY_PHASE_STRIP = NO;
				DEBUG_INFORMATION_FORMAT = dwarf;
				ENABLE_STRICT_OBJC_MSGSEND = YES;
				ENABLE_TESTABILITY = YES;
				GCC_C_LANGUAGE_STANDARD = gnu11;
				GCC_DYNAMIC_NO_PIC = NO;
				GCC_NO_COMMON_BLOCKS = YES;
				GCC_OPTIMIZATION_LEVEL = 0;
				GCC_PREPROCESSOR_DEFINITIONS = (
					"DEBUG=1",
					"$(inherited)",
				);
				GCC_WARN_64_TO_32_BIT_CONVERSION = YES;
				GCC_WARN_ABOUT_RETURN_TYPE = YES_ERROR;
				GCC_WARN_UNDECLARED_SELECTOR = YES;
				GCC_WARN_UNINITIALIZED_AUTOS = YES_AGGRESSIVE;
				GCC_WARN_UNUSED_FUNCTION = YES;
				GCC_WARN_UNUSED_VARIABLE = YES;
				IPHONEOS_DEPLOYMENT_TARGET = 14.0;
				MTL_ENABLE_DEBUG_INFO = INCLUDE_SOURCE;
				MTL_FAST_MATH = YES;
				ONLY_ACTIVE_ARCH = YES;
				SDKROOT = iphoneos;
				SWIFT_ACTIVE_COMPILATION_CONDITIONS = DEBUG;
				SWIFT_OPTIMIZATION_LEVEL = "-Onone";
			};
			name = Debug;
		};
		7BA9151325638B1800F55A5C /* Release */ = {
			isa = XCBuildConfiguration;
			buildSettings = {
				ALWAYS_SEARCH_USER_PATHS = NO;
				CLANG_ANALYZER_NONNULL = YES;
				CLANG_ANALYZER_NUMBER_OBJECT_CONVERSION = YES_AGGRESSIVE;
				CLANG_CXX_LANGUAGE_STANDARD = "gnu++14";
				CLANG_CXX_LIBRARY = "libc++";
				CLANG_ENABLE_MODULES = YES;
				CLANG_ENABLE_OBJC_ARC = YES;
				CLANG_ENABLE_OBJC_WEAK = YES;
				CLANG_WARN_BLOCK_CAPTURE_AUTORELEASING = YES;
				CLANG_WARN_BOOL_CONVERSION = YES;
				CLANG_WARN_COMMA = YES;
				CLANG_WARN_CONSTANT_CONVERSION = YES;
				CLANG_WARN_DEPRECATED_OBJC_IMPLEMENTATIONS = YES;
				CLANG_WARN_DIRECT_OBJC_ISA_USAGE = YES_ERROR;
				CLANG_WARN_DOCUMENTATION_COMMENTS = YES;
				CLANG_WARN_EMPTY_BODY = YES;
				CLANG_WARN_ENUM_CONVERSION = YES;
				CLANG_WARN_INFINITE_RECURSION = YES;
				CLANG_WARN_INT_CONVERSION = YES;
				CLANG_WARN_NON_LITERAL_NULL_CONVERSION = YES;
				CLANG_WARN_OBJC_IMPLICIT_RETAIN_SELF = YES;
				CLANG_WARN_OBJC_LITERAL_CONVERSION = YES;
				CLANG_WARN_OBJC_ROOT_CLASS = YES_ERROR;
				CLANG_WARN_QUOTED_INCLUDE_IN_FRAMEWORK_HEADER = YES;
				CLANG_WARN_RANGE_LOOP_ANALYSIS = YES;
				CLANG_WARN_STRICT_PROTOTYPES = YES;
				CLANG_WARN_SUSPICIOUS_MOVE = YES;
				CLANG_WARN_UNGUARDED_AVAILABILITY = YES_AGGRESSIVE;
				CLANG_WARN_UNREACHABLE_CODE = YES;
				CLANG_WARN__DUPLICATE_METHOD_MATCH = YES;
				COPY_PHASE_STRIP = NO;
				DEBUG_INFORMATION_FORMAT = "dwarf-with-dsym";
				ENABLE_NS_ASSERTIONS = NO;
				ENABLE_STRICT_OBJC_MSGSEND = YES;
				GCC_C_LANGUAGE_STANDARD = gnu11;
				GCC_NO_COMMON_BLOCKS = YES;
				GCC_WARN_64_TO_32_BIT_CONVERSION = YES;
				GCC_WARN_ABOUT_RETURN_TYPE = YES_ERROR;
				GCC_WARN_UNDECLARED_SELECTOR = YES;
				GCC_WARN_UNINITIALIZED_AUTOS = YES_AGGRESSIVE;
				GCC_WARN_UNUSED_FUNCTION = YES;
				GCC_WARN_UNUSED_VARIABLE = YES;
				IPHONEOS_DEPLOYMENT_TARGET = 14.0;
				MTL_ENABLE_DEBUG_INFO = NO;
				MTL_FAST_MATH = YES;
				SDKROOT = iphoneos;
				SWIFT_COMPILATION_MODE = wholemodule;
				SWIFT_OPTIMIZATION_LEVEL = "-O";
				VALIDATE_PRODUCT = YES;
			};
			name = Release;
		};
		7BA9151525638B1800F55A5C /* Debug */ = {
			isa = XCBuildConfiguration;
			buildSettings = {
				ASSETCATALOG_COMPILER_APPICON_NAME = AppIcon;
				ASSETCATALOG_COMPILER_GLOBAL_ACCENT_COLOR_NAME = AccentColor;
				CODE_SIGN_STYLE = Automatic;
				INFOPLIST_FILE = drawRectImages/Info.plist;
				LD_RUNPATH_SEARCH_PATHS = (
					"$(inherited)",
					"@executable_path/Frameworks",
				);
				PRODUCT_BUNDLE_IDENTIFIER = colbylim.drawRectImages;
				PRODUCT_NAME = "$(TARGET_NAME)";
				SWIFT_VERSION = 5.0;
				TARGETED_DEVICE_FAMILY = "1,2";
			};
			name = Debug;
		};
		7BA9151625638B1800F55A5C /* Release */ = {
			isa = XCBuildConfiguration;
			buildSettings = {
				ASSETCATALOG_COMPILER_APPICON_NAME = AppIcon;
				ASSETCATALOG_COMPILER_GLOBAL_ACCENT_COLOR_NAME = AccentColor;
				CODE_SIGN_STYLE = Automatic;
				INFOPLIST_FILE = drawRectImages/Info.plist;
				LD_RUNPATH_SEARCH_PATHS = (
					"$(inherited)",
					"@executable_path/Frameworks",
				);
				PRODUCT_BUNDLE_IDENTIFIER = colbylim.drawRectImages;
				PRODUCT_NAME = "$(TARGET_NAME)";
				SWIFT_VERSION = 5.0;
				TARGETED_DEVICE_FAMILY = "1,2";
			};
			name = Release;
		};
/* End XCBuildConfiguration section */

/* Begin XCConfigurationList section */
		7BA914FB25638B1700F55A5C /* Build configuration list for PBXProject "drawRectImages" */ = {
			isa = XCConfigurationList;
			buildConfigurations = (
				7BA9151225638B1800F55A5C /* Debug */,
				7BA9151325638B1800F55A5C /* Release */,
			);
			defaultConfigurationIsVisible = 0;
			defaultConfigurationName = Release;
		};
		7BA9151425638B1800F55A5C /* Build configuration list for PBXNativeTarget "drawRectImages" */ = {
			isa = XCConfigurationList;
			buildConfigurations = (
				7BA9151525638B1800F55A5C /* Debug */,
				7BA9151625638B1800F55A5C /* Release */,
			);
			defaultConfigurationIsVisible = 0;
			defaultConfigurationName = Release;
		};
/* End XCConfigurationList section */
	};
	rootObject = 7BA914F825638B1700F55A5C /* Project object */;
}
